{
  "name": "websocket_tests",
  "version": "1.0.0",
  "lockfileVersion": 1,
  "requires": true,
  "dependencies": {
    "async-limiter": {
      "version": "1.0.0",
      "resolved": "https://registry.npmjs.org/async-limiter/-/async-limiter-1.0.0.tgz",
      "integrity": "sha512-jp/uFnooOiO+L211eZOoSyzpOITMXx1rBITauYykG3BRYPu8h0UcxsPNB04RR5vo4Tyz3+ay17tR6JVf9qzYWg=="
    },
    "binpack": {
      "version": "0.1.0",
      "resolved": "https://registry.npmjs.org/binpack/-/binpack-0.1.0.tgz",
      "integrity": "sha1-vT0JdMPyoERuF99PYLVacqIFqX4="
    },
    "jspack": {
      "version": "0.0.4",
      "resolved": "https://registry.npmjs.org/jspack/-/jspack-0.0.4.tgz",
      "integrity": "sha1-Mt01x/3LPjRWwY+7fvntC8YjgXc="
    },
    "node-osc": {
      "version": "4.1.1",
      "resolved": "https://registry.npmjs.org/node-osc/-/node-osc-4.1.1.tgz",
      "integrity": "sha512-8kZ6Ey8MYhJd4LOKMoHsSkvN2jXODm0Q3tHODLpfWGHkjYRpUAHfbRjlt8G7dv2PHdDUokEnGv2GnDQIgTsYIw==",
      "requires": {
        "jspack": "0.0.4",
        "osc-min": "^1.1.1"
      }
    },
    "osc-min": {
      "version": "1.1.1",
      "resolved": "https://registry.npmjs.org/osc-min/-/osc-min-1.1.1.tgz",
      "integrity": "sha1-hYBEOjq7AvcyVPWihjQNy+PPPwc=",
      "requires": {
        "binpack": "~0"
      }
    },
    "ws": {
      "version": "6.0.0",
      "resolved": "https://registry.npmjs.org/ws/-/ws-6.0.0.tgz",
      "integrity": "sha512-c2UlYcAZp1VS8AORtpq6y4RJIkJ9dQz18W32SpR/qXGfLDZ2jU4y4wKvvZwqbi7U6gxFQTeE+urMbXU/tsDy4w==",
      "requires": {
        "async-limiter": "~1.0.0"
      }
    }
  }
}
